
Microsoft Visual Studio Solution File, Format Version 12.00
# Visual Studio Version 16
VisualStudioVersion = 16.0.29926.136
MinimumVisualStudioVersion = 10.0.40219.1
Project("{FAE04EC0-301F-11D3-BF4B-00C04F79EFBC}") = "HosSystem", "HosSystem.csproj", "{18061FE0-995B-48DF-9FF7-86E18A1C36D6}"
EndProject
Global
	GlobalSection(SolutionConfigurationPlatforms) = preSolution
		Debug|Any CPU = Debug|Any CPU
		Release|Any CPU = Release|Any CPU
	EndGlobalSection
	GlobalSection(ProjectConfigurationPlatforms) = postSolution
		{18061FE0-995B-48DF-9FF7-86E18A1C36D6}.Debug|Any CPU.ActiveCfg = Debug|Any CPU
		{18061FE0-995B-48DF-9FF7-86E18A1C36D6}.Debug|Any CPU.Build.0 = Debug|Any CPU
		{18061FE0-995B-48DF-9FF7-86E18A1C36D6}.Release|Any CPU.ActiveCfg = Release|Any CPU
		{18061FE0-995B-48DF-9FF7-86E18A1C36D6}.Release|Any CPU.Build.0 = Release|Any CPU
	EndGlobalSection
	GlobalSection(SolutionProperties) = preSolution
		HideSolutionNode = FALSE
	EndGlobalSection
	GlobalSection(ExtensibilityGlobals) = postSolution
		SolutionGuid = {0F425844-3C06-47C3-99B7-A14C239AD899}
	EndGlobalSection
EndGlobal
